
Microsoft Visual Studio Solution File, Format Version 12.00
# Visual Studio 14
VisualStudioVersion = 14.0.24720.0
MinimumVisualStudioVersion = 10.0.40219.1
Project("{FAE04EC0-301F-11D3-BF4B-00C04F79EFBC}") = "01. HornetWings", "01. HornetWings\01. HornetWings.csproj", "{C2CE765D-8982-4462-9F73-137BA82EE855}"
EndProject
Project("{FAE04EC0-301F-11D3-BF4B-00C04F79EFBC}") = "02. HornetComm", "02. HornetComm\02. HornetComm.csproj", "{63312580-D07F-4A86-A7DE-546EE967CFCB}"
EndProject
Project("{FAE04EC0-301F-11D3-BF4B-00C04F79EFBC}") = "03. HornetAssault", "03. HornetAssault\03. HornetAssault.csproj", "{1B7698C3-9C20-4A1F-8BAE-594087E4B952}"
EndProject
Project("{FAE04EC0-301F-11D3-BF4B-00C04F79EFBC}") = "04. HornetArmada", "04. HornetArmada\04. HornetArmada.csproj", "{D58EB6F5-4779-4B2F-93F0-9E27CD66503B}"
EndProject
Global
	GlobalSection(SolutionConfigurationPlatforms) = preSolution
		Debug|Any CPU = Debug|Any CPU
		Release|Any CPU = Release|Any CPU
	EndGlobalSection
	GlobalSection(ProjectConfigurationPlatforms) = postSolution
		{C2CE765D-8982-4462-9F73-137BA82EE855}.Debug|Any CPU.ActiveCfg = Debug|Any CPU
		{C2CE765D-8982-4462-9F73-137BA82EE855}.Debug|Any CPU.Build.0 = Debug|Any CPU
		{C2CE765D-8982-4462-9F73-137BA82EE855}.Release|Any CPU.ActiveCfg = Release|Any CPU
		{C2CE765D-8982-4462-9F73-137BA82EE855}.Release|Any CPU.Build.0 = Release|Any CPU
		{63312580-D07F-4A86-A7DE-546EE967CFCB}.Debug|Any CPU.ActiveCfg = Debug|Any CPU
		{63312580-D07F-4A86-A7DE-546EE967CFCB}.Debug|Any CPU.Build.0 = Debug|Any CPU
		{63312580-D07F-4A86-A7DE-546EE967CFCB}.Release|Any CPU.ActiveCfg = Release|Any CPU
		{63312580-D07F-4A86-A7DE-546EE967CFCB}.Release|Any CPU.Build.0 = Release|Any CPU
		{1B7698C3-9C20-4A1F-8BAE-594087E4B952}.Debug|Any CPU.ActiveCfg = Debug|Any CPU
		{1B7698C3-9C20-4A1F-8BAE-594087E4B952}.Debug|Any CPU.Build.0 = Debug|Any CPU
		{1B7698C3-9C20-4A1F-8BAE-594087E4B952}.Release|Any CPU.ActiveCfg = Release|Any CPU
		{1B7698C3-9C20-4A1F-8BAE-594087E4B952}.Release|Any CPU.Build.0 = Release|Any CPU
		{D58EB6F5-4779-4B2F-93F0-9E27CD66503B}.Debug|Any CPU.ActiveCfg = Debug|Any CPU
		{D58EB6F5-4779-4B2F-93F0-9E27CD66503B}.Debug|Any CPU.Build.0 = Debug|Any CPU
		{D58EB6F5-4779-4B2F-93F0-9E27CD66503B}.Release|Any CPU.ActiveCfg = Release|Any CPU
		{D58EB6F5-4779-4B2F-93F0-9E27CD66503B}.Release|Any CPU.Build.0 = Release|Any CPU
	EndGlobalSection
	GlobalSection(SolutionProperties) = preSolution
		HideSolutionNode = FALSE
	EndGlobalSection
EndGlobal
